// !$*UTF8*$!
{
	archiveVersion = 1;
	classes = {
	};
	objectVersion = 46;
	objects = {

/* Begin PBXBuildFile section */
		E7E117721E4B7EC000E88729 /* AppDelegate.swift in Sources */ = {isa = PBXBuildFile; fileRef = E7E117711E4B7EC000E88729 /* AppDelegate.swift */; };
		E7E117741E4B7EC000E88729 /* ViewController.swift in Sources */ = {isa = PBXBuildFile; fileRef = E7E117731E4B7EC000E88729 /* ViewController.swift */; };
		E7E117771E4B7EC000E88729 /* Main.storyboard in Resources */ = {isa = PBXBuildFile; fileRef = E7E117751E4B7EC000E88729 /* Main.storyboard */; };
		E7E1177C1E4B7EC000E88729 /* LaunchScreen.storyboard in Resources */ = {isa = PBXBuildFile; fileRef = E7E1177A1E4B7EC000E88729 /* LaunchScreen.storyboard */; };
		E7E117851E4B832900E88729 /* Hesapla.png in Resources */ = {isa = PBXBuildFile; fileRef = E7E117831E4B832900E88729 /* Hesapla.png */; };
		E7E117861E4B832900E88729 /* temizle.png in Resources */ = {isa = PBXBuildFile; fileRef = E7E117841E4B832900E88729 /* temizle.png */; };
		E7E39E8E1E4DDB2B002676FD /* TextField.png in Resources */ = {isa = PBXBuildFile; fileRef = E7E39E8D1E4DDB2B002676FD /* TextField.png */; };
/* End PBXBuildFile section */

/* Begin PBXFileReference section */
		E7E1176E1E4B7EC000E88729 /* iOSBahsisHesaplayici.app */ = {isa = PBXFileReference; explicitFileType = wrapper.application; includeInIndex = 0; path = iOSBahsisHesaplayici.app; sourceTree = BUILT_PRODUCTS_DIR; };
		E7E117711E4B7EC000E88729 /* AppDelegate.swift */ = {isa = PBXFileReference; lastKnownFileType = sourcecode.swift; path = AppDelegate.swift; sourceTree = "<group>"; };
		E7E117731E4B7EC000E88729 /* ViewController.swift */ = {isa = PBXFileReference; lastKnownFileType = sourcecode.swift; path = ViewController.swift; sourceTree = "<group>"; };
		E7E117761E4B7EC000E88729 /* Base */ = {isa = PBXFileReference; lastKnownFileType = file.storyboard; name = Base; path = Base.lproj/Main.storyboard; sourceTree = "<group>"; };
		E7E1177B1E4B7EC000E88729 /* Base */ = {isa = PBXFileReference; lastKnownFileType = file.storyboard; name = Base; path = Base.lproj/LaunchScreen.storyboard; sourceTree = "<group>"; };
		E7E1177D1E4B7EC000E88729 /* Info.plist */ = {isa = PBXFileReference; lastKnownFileType = text.plist.xml; path = Info.plist; sourceTree = "<group>"; };
		E7E117831E4B832900E88729 /* Hesapla.png */ = {isa = PBXFileReference; lastKnownFileType = image.png; path = Hesapla.png; sourceTree = "<group>"; };
		E7E117841E4B832900E88729 /* temizle.png */ = {isa = PBXFileReference; lastKnownFileType = image.png; path = temizle.png; sourceTree = "<group>"; };
		E7E39E8D1E4DDB2B002676FD /* TextField.png */ = {isa = PBXFileReference; lastKnownFileType = image.png; path = TextField.png; sourceTree = "<group>"; };
/* End PBXFileReference section */

/* Begin PBXFrameworksBuildPhase section */
		E7E1176B1E4B7EC000E88729 /* Frameworks */ = {
			isa = PBXFrameworksBuildPhase;
			buildActionMask = 2147483647;
			files = (
			);
			runOnlyForDeploymentPostprocessing = 0;
		};
/* End PBXFrameworksBuildPhase section */

/* Begin PBXGroup section */
		E7E117651E4B7EC000E88729 = {
			isa = PBXGroup;
			children = (
				E7E117701E4B7EC000E88729 /* iOSBahsisHesaplayici */,
				E7E1176F1E4B7EC000E88729 /* Products */,
			);
			sourceTree = "<group>";
		};
		E7E1176F1E4B7EC000E88729 /* Products */ = {
			isa = PBXGroup;
			children = (
				E7E1176E1E4B7EC000E88729 /* iOSBahsisHesaplayici.app */,
			);
			name = Products;
			sourceTree = "<group>";
		};
		E7E117701E4B7EC000E88729 /* iOSBahsisHesaplayici */ = {
			isa = PBXGroup;
			children = (
				E7E117711E4B7EC000E88729 /* AppDelegate.swift */,
				E7E117731E4B7EC000E88729 /* ViewController.swift */,
				E7E117751E4B7EC000E88729 /* Main.storyboard */,
				E7E39E8D1E4DDB2B002676FD /* TextField.png */,
				E7E1177A1E4B7EC000E88729 /* LaunchScreen.storyboard */,
				E7E1177D1E4B7EC000E88729 /* Info.plist */,
				E7E117831E4B832900E88729 /* Hesapla.png */,
				E7E117841E4B832900E88729 /* temizle.png */,
			);
			path = iOSBahsisHesaplayici;
			sourceTree = "<group>";
		};
/* End PBXGroup section */

/* Begin PBXNativeTarget section */
		E7E1176D1E4B7EC000E88729 /* iOSBahsisHesaplayici */ = {
			isa = PBXNativeTarget;
			buildConfigurationList = E7E117801E4B7EC000E88729 /* Build configuration list for PBXNativeTarget "iOSBahsisHesaplayici" */;
			buildPhases = (
				E7E1176A1E4B7EC000E88729 /* Sources */,
				E7E1176B1E4B7EC000E88729 /* Frameworks */,
				E7E1176C1E4B7EC000E88729 /* Resources */,
			);
			buildRules = (
			);
			dependencies = (
			);
			name = iOSBahsisHesaplayici;
			productName = iOSBahsisHesaplayici;
			productReference = E7E1176E1E4B7EC000E88729 /* iOSBahsisHesaplayici.app */;
			productType = "com.apple.product-type.application";
		};
/* End PBXNativeTarget section */

/* Begin PBXProject section */
		E7E117661E4B7EC000E88729 /* Project object */ = {
			isa = PBXProject;
			attributes = {
				LastSwiftUpdateCheck = 0820;
				LastUpgradeCheck = 0820;
				ORGANIZATIONNAME = "Mehmetcan Yavrucuk";
				TargetAttributes = {
					E7E1176D1E4B7EC000E88729 = {
						CreatedOnToolsVersion = 8.2.1;
						DevelopmentTeam = PKW925JRD8;
						ProvisioningStyle = Automatic;
					};
				};
			};
			buildConfigurationList = E7E117691E4B7EC000E88729 /* Build configuration list for PBXProject "iOSBahsisHesaplayici" */;
			compatibilityVersion = "Xcode 3.2";
			developmentRegion = English;
			hasScannedForEncodings = 0;
			knownRegions = (
				en,
				Base,
			);
			mainGroup = E7E117651E4B7EC000E88729;
			productRefGroup = E7E1176F1E4B7EC000E88729 /* Products */;
			projectDirPath = "";
			projectRoot = "";
			targets = (
				E7E1176D1E4B7EC000E88729 /* iOSBahsisHesaplayici */,
			);
		};
/* End PBXProject section */

/* Begin PBXResourcesBuildPhase section */
		E7E1176C1E4B7EC000E88729 /* Resources */ = {
			isa = PBXResourcesBuildPhase;
			buildActionMask = 2147483647;
			files = (
				E7E117851E4B832900E88729 /* Hesapla.png in Resources */,
				E7E1177C1E4B7EC000E88729 /* LaunchScreen.storyboard in Resources */,
				E7E39E8E1E4DDB2B002676FD /* TextField.png in Resources */,
				E7E117861E4B832900E88729 /* temizle.png in Resources */,
				E7E117771E4B7EC000E88729 /* Main.storyboard in Resources */,
			);
			runOnlyForDeploymentPostprocessing = 0;
		};
/* End PBXResourcesBuildPhase section */

/* Begin PBXSourcesBuildPhase section */
		E7E1176A1E4B7EC000E88729 /* Sources */ = {
			isa = PBXSourcesBuildPhase;
			buildActionMask = 2147483647;
			files = (
				E7E117741E4B7EC000E88729 /* ViewController.swift in Sources */,
				E7E117721E4B7EC000E88729 /* AppDelegate.swift in Sources */,
			);
			runOnlyForDeploymentPostprocessing = 0;
		};
/* End PBXSourcesBuildPhase section */

/* Begin PBXVariantGroup section */
		E7E117751E4B7EC000E88729 /* Main.storyboard */ = {
			isa = PBXVariantGroup;
			children = (
				E7E117761E4B7EC000E88729 /* Base */,
			);
			name = Main.storyboard;
			sourceTree = "<group>";
		};
		E7E1177A1E4B7EC000E88729 /* LaunchScreen.storyboard */ = {
			isa = PBXVariantGroup;
			children = (
				E7E1177B1E4B7EC000E88729 /* Base */,
			);
			name = LaunchScreen.storyboard;
			sourceTree = "<group>";
		};
/* End PBXVariantGroup section */

/* Begin XCBuildConfiguration section */
		E7E1177E1E4B7EC000E88729 /* Debug */ = {
			isa = XCBuildConfiguration;
			buildSettings = {
				ALWAYS_SEARCH_USER_PATHS = NO;
				CLANG_ANALYZER_NONNULL = YES;
				CLANG_CXX_LANGUAGE_STANDARD = "gnu++0x";
				CLANG_CXX_LIBRARY = "libc++";
				CLANG_ENABLE_MODULES = YES;
				CLANG_ENABLE_OBJC_ARC = YES;
				CLANG_WARN_BOOL_CONVERSION = YES;
				CLANG_WARN_CONSTANT_CONVERSION = YES;
				CLANG_WARN_DIRECT_OBJC_ISA_USAGE = YES_ERROR;
				CLANG_WARN_DOCUMENTATION_COMMENTS = YES;
				CLANG_WARN_EMPTY_BODY = YES;
				CLANG_WARN_ENUM_CONVERSION = YES;
				CLANG_WARN_INFINITE_RECURSION = YES;
				CLANG_WARN_INT_CONVERSION = YES;
				CLANG_WARN_OBJC_ROOT_CLASS = YES_ERROR;
				CLANG_WARN_SUSPICIOUS_MOVE = YES;
				CLANG_WARN_UNREACHABLE_CODE = YES;
				CLANG_WARN__DUPLICATE_METHOD_MATCH = YES;
				"CODE_SIGN_IDENTITY[sdk=iphoneos*]" = "iPhone Developer";
				COPY_PHASE_STRIP = NO;
				DEBUG_INFORMATION_FORMAT = dwarf;
				ENABLE_STRICT_OBJC_MSGSEND = YES;
				ENABLE_TESTABILITY = YES;
				GCC_C_LANGUAGE_STANDARD = gnu99;
				GCC_DYNAMIC_NO_PIC = NO;
				GCC_NO_COMMON_BLOCKS = YES;
				GCC_OPTIMIZATION_LEVEL = 0;
				GCC_PREPROCESSOR_DEFINITIONS = (
					"DEBUG=1",
					"$(inherited)",
				);
				GCC_WARN_64_TO_32_BIT_CONVERSION = YES;
				GCC_WARN_ABOUT_RETURN_TYPE = YES_ERROR;
				GCC_WARN_UNDECLARED_SELECTOR = YES;
				GCC_WARN_UNINITIALIZED_AUTOS = YES_AGGRESSIVE;
				GCC_WARN_UNUSED_FUNCTION = YES;
				GCC_WARN_UNUSED_VARIABLE = YES;
				IPHONEOS_DEPLOYMENT_TARGET = 10.2;
				MTL_ENABLE_DEBUG_INFO = YES;
				ONLY_ACTIVE_ARCH = YES;
				SDKROOT = iphoneos;
				SWIFT_ACTIVE_COMPILATION_CONDITIONS = DEBUG;
				SWIFT_OPTIMIZATION_LEVEL = "-Onone";
			};
			name = Debug;
		};
		E7E1177F1E4B7EC000E88729 /* Release */ = {
			isa = XCBuildConfiguration;
			buildSettings = {
				ALWAYS_SEARCH_USER_PATHS = NO;
				CLANG_ANALYZER_NONNULL = YES;
				CLANG_CXX_LANGUAGE_STANDARD = "gnu++0x";
				CLANG_CXX_LIBRARY = "libc++";
				CLANG_ENABLE_MODULES = YES;
				CLANG_ENABLE_OBJC_ARC = YES;
				CLANG_WARN_BOOL_CONVERSION = YES;
				CLANG_WARN_CONSTANT_CONVERSION = YES;
				CLANG_WARN_DIRECT_OBJC_ISA_USAGE = YES_ERROR;
				CLANG_WARN_DOCUMENTATION_COMMENTS = YES;
				CLANG_WARN_EMPTY_BODY = YES;
				CLANG_WARN_ENUM_CONVERSION = YES;
				CLANG_WARN_INFINITE_RECURSION = YES;
				CLANG_WARN_INT_CONVERSION = YES;
				CLANG_WARN_OBJC_ROOT_CLASS = YES_ERROR;
				CLANG_WARN_SUSPICIOUS_MOVE = YES;
				CLANG_WARN_UNREACHABLE_CODE = YES;
				CLANG_WARN__DUPLICATE_METHOD_MATCH = YES;
				"CODE_SIGN_IDENTITY[sdk=iphoneos*]" = "iPhone Developer";
				COPY_PHASE_STRIP = NO;
				DEBUG_INFORMATION_FORMAT = "dwarf-with-dsym";
				ENABLE_NS_ASSERTIONS = NO;
				ENABLE_STRICT_OBJC_MSGSEND = YES;
				GCC_C_LANGUAGE_STANDARD = gnu99;
				GCC_NO_COMMON_BLOCKS = YES;
				GCC_WARN_64_TO_32_BIT_CONVERSION = YES;
				GCC_WARN_ABOUT_RETURN_TYPE = YES_ERROR;
				GCC_WARN_UNDECLARED_SELECTOR = YES;
				GCC_WARN_UNINITIALIZED_AUTOS = YES_AGGRESSIVE;
				GCC_WARN_UNUSED_FUNCTION = YES;
				GCC_WARN_UNUSED_VARIABLE = YES;
				IPHONEOS_DEPLOYMENT_TARGET = 10.2;
				MTL_ENABLE_DEBUG_INFO = NO;
				SDKROOT = iphoneos;
				SWIFT_OPTIMIZATION_LEVEL = "-Owholemodule";
				VALIDATE_PRODUCT = YES;
			};
			name = Release;
		};
		E7E117811E4B7EC000E88729 /* Debug */ = {
			isa = XCBuildConfiguration;
			buildSettings = {
				ASSETCATALOG_COMPILER_APPICON_NAME = AppIcon;
				DEVELOPMENT_TEAM = PKW925JRD8;
				INFOPLIST_FILE = iOSBahsisHesaplayici/Info.plist;
				IPHONEOS_DEPLOYMENT_TARGET = 9.3;
				LD_RUNPATH_SEARCH_PATHS = "$(inherited) @executable_path/Frameworks";
				PRODUCT_BUNDLE_IDENTIFIER = com.mehmetcan.yavrucuk.iOSBahsisHesaplayici;
				PRODUCT_NAME = "$(TARGET_NAME)";
				SWIFT_VERSION = 3.0;
			};
			name = Debug;
		};
		E7E117821E4B7EC000E88729 /* Release */ = {
			isa = XCBuildConfiguration;
			buildSettings = {
				ASSETCATALOG_COMPILER_APPICON_NAME = AppIcon;
				DEVELOPMENT_TEAM = PKW925JRD8;
				INFOPLIST_FILE = iOSBahsisHesaplayici/Info.plist;
				IPHONEOS_DEPLOYMENT_TARGET = 9.3;
				LD_RUNPATH_SEARCH_PATHS = "$(inherited) @executable_path/Frameworks";
				PRODUCT_BUNDLE_IDENTIFIER = com.mehmetcan.yavrucuk.iOSBahsisHesaplayici;
				PRODUCT_NAME = "$(TARGET_NAME)";
				SWIFT_VERSION = 3.0;
			};
			name = Release;
		};
/* End XCBuildConfiguration section */

/* Begin XCConfigurationList section */
		E7E117691E4B7EC000E88729 /* Build configuration list for PBXProject "iOSBahsisHesaplayici" */ = {
			isa = XCConfigurationList;
			buildConfigurations = (
				E7E1177E1E4B7EC000E88729 /* Debug */,
				E7E1177F1E4B7EC000E88729 /* Release */,
			);
			defaultConfigurationIsVisible = 0;
			defaultConfigurationName = Release;
		};
		E7E117801E4B7EC000E88729 /* Build configuration list for PBXNativeTarget "iOSBahsisHesaplayici" */ = {
			isa = XCConfigurationList;
			buildConfigurations = (
				E7E117811E4B7EC000E88729 /* Debug */,
				E7E117821E4B7EC000E88729 /* Release */,
			);
			defaultConfigurationIsVisible = 0;
			defaultConfigurationName = Release;
		};
/* End XCConfigurationList section */
	};
	rootObject = E7E117661E4B7EC000E88729 /* Project object */;
}
